
Microsoft Visual Studio Solution File, Format Version 12.00
# Visual Studio Version 16
VisualStudioVersion = 16.0.30320.27
MinimumVisualStudioVersion = 10.0.40219.1
Project("{FAE04EC0-301F-11D3-BF4B-00C04F79EFBC}") = "WordPad_HyoriProject", "WordPad_HyoriProject.csproj", "{BA38EA51-2996-48AA-99C5-1257E92F4F25}"
EndProject
Global
	GlobalSection(SolutionConfigurationPlatforms) = preSolution
		Debug|Any CPU = Debug|Any CPU
		Release|Any CPU = Release|Any CPU
	EndGlobalSection
	GlobalSection(ProjectConfigurationPlatforms) = postSolution
		{BA38EA51-2996-48AA-99C5-1257E92F4F25}.Debug|Any CPU.ActiveCfg = Debug|Any CPU
		{BA38EA51-2996-48AA-99C5-1257E92F4F25}.Debug|Any CPU.Build.0 = Debug|Any CPU
		{BA38EA51-2996-48AA-99C5-1257E92F4F25}.Release|Any CPU.ActiveCfg = Release|Any CPU
		{BA38EA51-2996-48AA-99C5-1257E92F4F25}.Release|Any CPU.Build.0 = Release|Any CPU
	EndGlobalSection
	GlobalSection(SolutionProperties) = preSolution
		HideSolutionNode = FALSE
	EndGlobalSection
	GlobalSection(ExtensibilityGlobals) = postSolution
		SolutionGuid = {4BD4F355-B780-4B22-BF8A-CC0761A3D254}
	EndGlobalSection
EndGlobal
